# Baseline comparison experiment source lock.
#
# All formal baseline runs must be reproducible from this file.  External
# repositories are pinned by commit; the local SkillOpt snapshot (which has no
# .git metadata) is additionally pinned by a complete runtime-tree SHA-256 and
# human-auditable key-file hashes so bootstrap fails closed on any source drift.
schema_version: 1

ours:
  repo: https://github.com/YU-S3/AtomicSkill-ToolGraph_v3
  design_commit: ee2432465831c4a9a60da7102dafec3003d71672

skillopt:
  repo: https://github.com/microsoft/SkillOpt
  commit: 79124b37e9a6371e13b753f8bcd7adb1e493ade1
  version: 0.2.0
  license: MIT
  # Verified against the complete GitHub tree at the declared commit.  The
  # runtime digest binds every file under skillopt/ and configs/, plus the four
  # root packaging/license files. Generated caches and bytecode are excluded.
  local_snapshot_verification: runtime_tree_sha256+key_file_sha256
  runtime_tree:
    algorithm: sha256-path-content-v1
    roots:
      - skillopt
      - configs
    root_files:
      - LICENSE
      - README.md
      - pyproject.toml
      - requirements.txt
    file_count: 155
    sha256: 8f144386812a336ae8f35871c09fb60db6edeb135ac97c02f6baf6adf385cc91
  key_files:
    skillopt/engine/trainer.py: 666fc3d51d797b8e8c183a8eb2a266fafef00848bf4c12fd9de56eb04bf25f7e
    skillopt/envs/base.py: ea8c650e8bce460be047a03183cf17fbc49b436345cd1b1484093f763c6c64d7
    skillopt/envs/alfworld/adapter.py: 15fa76d3e5ad6694a2bbe670b53cab301127493433d2a575f2f02e5e7e98083f
    skillopt/envs/alfworld/rollout.py: eaacb4e895e4b399801b0496ee4cd4de51820a484bfa856e3804f5d47e298a20
    skillopt/envs/alfworld/dataloader.py: 3dff2eb535576c109c770d5a90a7a6e9d9442bd15c8035ff77a3f942766ecb7b
    skillopt/envs/alfworld/skills/initial.md: 01bd29e825b81715e7b592e135a9a9d6d0f812a5e84dcd56b51cc1075247f941
    LICENSE: 9515a04280cf50ce154eb3ab8fa375c7cc5e6b45ea5cb23b7ff3830737020c15
    pyproject.toml: c2a1c6753320b0c77fee66226cdf48ef5690812d52d341087143366f7c69e74c

skillgen:
  repo: https://github.com/ruomengd/SkillGen
  commit: 816c91f458ddb87be32657c882cb0431b9cfea01
  license: upstream repository does not publish a license file
  local_snapshot_verification: git_commit+canonical_runtime_tree_sha256+canonical_key_file_sha256
  runtime_tree:
    algorithm: sha256-path-canonical-content-v2
    roots:
      - data/alfworld
      - dataset
      - environment/alfworld
      - prompt
      - skill_extraction
    root_files:
      - README.md
      - requirements.txt
      - sampling.py
      - inference_skillgen.py
      - utils.py
    file_count: 32
    sha256: c45da993b64cbd3f032bd743b619223a77ae1e4ef6b5c98a40f72cb63177f81c
  key_files:
    data/alfworld/all.jsonl: 05b9b5dbe9b9c9f5da39331c9b2ede007100e3b0fef0ea03900f8d0bc07fd4c5
    environment/alfworld/alfworld_env.py: 7784a88a26447155aeffffef4f474582bbff32894ae835e49f7ab6edc17954e2
    sampling.py: 30fecf4dacd577f310805782c7d1afc916ff791368a7c91aec60aeea3e3de70f
    inference_skillgen.py: b37082ce789e0c5b06900fe1d53bd30d5d1e013086a480d18f73182dca28c512
    prompt/func_prompting.py: beaf3989a16ec2117887ca345ad9d90ed6001368cccedd2b96e9659156eb11d0
    skill_extraction/domain_graph.py: 6bf3f6c8632992b0fa5b590e86ef293d4e09f3eb168252ab8297535ca6fa93d4
    skill_extraction/extract_skills.py: ea375c5565830a52c5d9fed8abc9e5790dd88d87a57fdd663fa00e7d08e7a86c
    skill_extraction/extraction_utils.py: ec9d62a6e63770a04adae93816c4abeef01ad5cb40c71b08163e8f9956028179
    skill_extraction/embed_skills.py: 2e29c3127ae1b92fc70cd6bd66d9ece57ccee1df80f8815cf1a408a74d4cfd89
    skill_extraction/retrieve_segment.py: 1d3f833615e44abbdec74f2932045d7209269c30eea822fabba87a18715b02e1

gepa:
  repo: https://github.com/gepa-ai/gepa
  tag: v0.1.4
  commit: 8b0ce6cd99a234f6b74daf37558a2ac0ce18f975
  # The upstream v0.1.4 tag points at a tree whose package metadata still says
  # 0.1.3. Commit+tag are the release authority; record the installed metadata
  # separately instead of falsely claiming a wheel version.
  version: 0.1.3
  license: MIT
  local_snapshot_verification: git_commit+canonical_runtime_tree_sha256+canonical_key_file_sha256
  runtime_tree:
    algorithm: sha256-path-canonical-content-v2
    roots:
      - src/gepa
    root_files:
      - LICENSE
      - README.md
      - pyproject.toml
      - uv.lock
    file_count: 118
    sha256: fb953b0d17a6964f1c23c95824ed4a0cffdbd00abd93e0017c9d6156a52eb8b2
  key_files:
    src/gepa/api.py: 228c4f80c782dc36afc19492bbb023eba12f257aaa22b947009efc473c4572f9
    src/gepa/core/adapter.py: 51f47f94802987555202ba4bbe1f8dddf328fce822d1ec02b25a7a049320cef8
    src/gepa/core/engine.py: ba361b477de74c20eb813b277b0fb85b6898ca534e09c8e878604fb1c8980c53
    src/gepa/core/result.py: 5ee9ccfdf31e2d4d1262793c569e44ef7b39659a3e971e4f3dc7d656d69a1d85
    src/gepa/proposer/reflective_mutation/base.py: f183a12536999004eca9e0d889b53f82bea7e159b4f1c013a3e762251fe3afc1
    src/gepa/proposer/reflective_mutation/reflection_lm.py: a7357585f90b9cae52c9930805c8020d982119489e4aaee853c3366df67bff85
    src/gepa/strategies/proposal_sampling.py: 6a00c84708698adf24c207fa4ea5fdbd8a98a31009a84ecf3fffec5b2e5b3dac
    LICENSE: 10c47467a961feb40adf3294fe27dd9cba79d4d1b7cf27173b1c34586d4126c3
    pyproject.toml: c7234f8059de9de1f00b8fee117eb595b335676dd24bd23ee75512d2ef511c22

# Baseline implementation status. Source identity above is authoritative.
methods:
  b3_skillopt: implemented
  b0_dynamic: not_implemented
  b1_static_skill: not_implemented
  b2_expel: not_implemented
  b4_skillgen_s: implemented_label_authority_required
  b5_gepa: implemented
  b6_flowevo: not_implemented
